<?xml version="1.0" encoding="utf-8"?>
<Project ToolsVersion="4.0" xmlns="http://schemas.microsoft.com/developer/msbuild/2003">
  <ItemGroup>
    <Filter Include="Resource Files">
      <UniqueIdentifier>{67DA6AB6-F800-4c08-8B7A-83BB121AAD01}</UniqueIdentifier>
      <Extensions>rc;ico;cur;bmp;dlg;rc2;rct;bin;rgs;gif;jpg;jpeg;jpe;resx;tiff;tif;png;wav;mfcribbon-ms</Extensions>
    </Filter>
    <Filter Include="Header">
      <UniqueIdentifier>{93995380-89BD-4b04-88EB-625FBE52EBFB}</UniqueIdentifier>
      <Extensions>h;hh;hpp;hxx;h++;hm;inl;inc;ipp;xsd</Extensions>
    </Filter>
    <Filter Include="Source">
      <UniqueIdentifier>{4FC737F1-C7A5-4376-A066-2A32D752A2FF}</UniqueIdentifier>
      <Extensions>cpp;c;cc;cxx;c++;cppm;ixx;def;odl;idl;hpj;bat;asm;asmx</Extensions>
    </Filter>
  </ItemGroup>
  <ItemGroup>
    <ClCompile Include="Source\main.cpp">
      <Filter>Source</Filter>
    </ClCompile>
    <ClCompile Include="Source\GameService.cpp">
      <Filter>Source</Filter>
    </ClCompile>
    <ClCompile Include="Source\GraphicService.cpp">
      <Filter>Source</Filter>
    </ClCompile>
    <ClCompile Include="Source\ServiceLocator.cpp">
      <Filter>Source</Filter>
    </ClCompile>
    <ClCompile Include="Source\EventService.cpp">
      <Filter>Source</Filter>
    </ClCompile>
    <ClCompile Include="Source\PlayerService.cpp">
      <Filter>Source</Filter>
    </ClCompile>
    <ClCompile Include="Source\TimeService.cpp">
      <Filter>Source</Filter>
    </ClCompile>
    <ClCompile Include="Source\PlayerModel.cpp">
      <Filter>Source</Filter>
    </ClCompile>
    <ClCompile Include="Source\PlayerView.cpp">
      <Filter>Source</Filter>
    </ClCompile>
    <ClCompile Include="Source\PlayerController.cpp">
      <Filter>Source</Filter>
    </ClCompile>
    <ClCompile Include="Source\MainMenuController.cpp">
      <Filter>Source</Filter>
    </ClCompile>
    <ClCompile Include="Source\UIService.cpp">
      <Filter>Source</Filter>
    </ClCompile>
    <ClCompile Include="Source\EnemyService.cpp">
      <Filter>Source</Filter>
    </ClCompile>
    <ClCompile Include="Source\EnemyController.cpp">
      <Filter>Source</Filter>
    </ClCompile>
    <ClCompile Include="Source\EnemyModel.cpp">
      <Filter>Source</Filter>
    </ClCompile>
    <ClCompile Include="Source\EnemyView.cpp">
      <Filter>Source</Filter>
    </ClCompile>
    <ClCompile Include="Source\GameplayService.cpp">
      <Filter>Source</Filter>
    </ClCompile>
    <ClCompile Include="Source\GameplayController.cpp">
      <Filter>Source</Filter>
    </ClCompile>
    <ClCompile Include="Source\GameplayView.cpp">
      <Filter>Source</Filter>
    </ClCompile>
    <ClCompile Include="Source\SubZeroController.cpp">
      <Filter>Source</Filter>
    </ClCompile>
    <ClCompile Include="Source\ZapperComtroller.cpp">
      <Filter>Source</Filter>
    </ClCompile>
    <ClCompile Include="Source\EnemyConfig.cpp">
      <Filter>Source</Filter>
    </ClCompile>
  </ItemGroup>
  <ItemGroup>
    <ClInclude Include="Header\Global\ServiceLocator.h">
      <Filter>Header</Filter>
    </ClInclude>
    <ClInclude Include="Header\Graphic\GraphicService.h">
      <Filter>Header</Filter>
    </ClInclude>
    <ClInclude Include="Header\Main\GameService.h">
      <Filter>Header</Filter>
    </ClInclude>
    <ClInclude Include="Header\Event\EventService.h">
      <Filter>Header</Filter>
    </ClInclude>
    <ClInclude Include="Header\Player\PlayerService.h">
      <Filter>Header</Filter>
    </ClInclude>
    <ClInclude Include="Header\Time\TimeService.h">
      <Filter>Header</Filter>
    </ClInclude>
    <ClInclude Include="Header\Player\PlayerModel.h">
      <Filter>Header</Filter>
    </ClInclude>
    <ClInclude Include="Header\Player\PlayerView.h">
      <Filter>Header</Filter>
    </ClInclude>
    <ClInclude Include="Header\Player\PlayerController.h">
      <Filter>Header</Filter>
    </ClInclude>
    <ClInclude Include="Header\UI\MainMenuController\MainMenuController.h">
      <Filter>Header</Filter>
    </ClInclude>
    <ClInclude Include="Header\UI\UIService\UIService.h">
      <Filter>Header</Filter>
    </ClInclude>
    <ClInclude Include="Header\Enemy\EnemyService.h">
      <Filter>Header</Filter>
    </ClInclude>
    <ClInclude Include="Header\Enemy\EnemyController.h">
      <Filter>Header</Filter>
    </ClInclude>
    <ClInclude Include="Header\Enemy\EnemyModel.h">
      <Filter>Header</Filter>
    </ClInclude>
    <ClInclude Include="Header\Enemy\EnemyView.h">
      <Filter>Header</Filter>
    </ClInclude>
    <ClInclude Include="Header\Gameplay\GameplayService.h">
      <Filter>Header</Filter>
    </ClInclude>
    <ClInclude Include="Header\Gameplay\Gameplaycontrolller.h">
      <Filter>Header</Filter>
    </ClInclude>
    <ClInclude Include="Header\Gameplay\gameplayView.h">
      <Filter>Header</Filter>
    </ClInclude>
    <ClInclude Include="Header\Enemy\Controller\SubZeroController.h">
      <Filter>Header</Filter>
    </ClInclude>
    <ClInclude Include="Header\Enemy\Controller\ZapperController.h">
      <Filter>Header</Filter>
    </ClInclude>
    <ClInclude Include="Header\Enemy\EnemConfig.h">
      <Filter>Header</Filter>
    </ClInclude>
  </ItemGroup>
</Project>